
Microsoft Visual Studio Solution File, Format Version 12.00
# Visual Studio Version 16
VisualStudioVersion = 16.0.30309.148
MinimumVisualStudioVersion = 10.0.40219.1
Project("{FAE04EC0-301F-11D3-BF4B-00C04F79EFBC}") = "Creatine", "Creatine\Creatine.csproj", "{3DCF8BA6-3520-46D0-B3DF-7EBF7B82D477}"
EndProject
Global
	GlobalSection(SolutionConfigurationPlatforms) = preSolution
		Debug|Any CPU = Debug|Any CPU
		Release|Any CPU = Release|Any CPU
	EndGlobalSection
	GlobalSection(ProjectConfigurationPlatforms) = postSolution
		{3DCF8BA6-3520-46D0-B3DF-7EBF7B82D477}.Debug|Any CPU.ActiveCfg = Debug|Any CPU
		{3DCF8BA6-3520-46D0-B3DF-7EBF7B82D477}.Debug|Any CPU.Build.0 = Debug|Any CPU
		{3DCF8BA6-3520-46D0-B3DF-7EBF7B82D477}.Release|Any CPU.ActiveCfg = Release|Any CPU
		{3DCF8BA6-3520-46D0-B3DF-7EBF7B82D477}.Release|Any CPU.Build.0 = Release|Any CPU
	EndGlobalSection
	GlobalSection(SolutionProperties) = preSolution
		HideSolutionNode = FALSE
	EndGlobalSection
	GlobalSection(ExtensibilityGlobals) = postSolution
		SolutionGuid = {7C8A16C5-A456-446D-9882-325D9543EC30}
	EndGlobalSection
EndGlobal
